// !$*UTF8*$!
{
	archiveVersion = 1;
	classes = {
	};
	objectVersion = 56;
	objects = {

/* Begin PBXBuildFile section */
		137505E62A76D91E00A6AB7E /* main.swift in Sources */ = {isa = PBXBuildFile; fileRef = 137505E52A76D91E00A6AB7E /* main.swift */; };
/* End PBXBuildFile section */

/* Begin PBXCopyFilesBuildPhase section */
		1344714929E460F30036ED32 /* CopyFiles */ = {
			isa = PBXCopyFilesBuildPhase;
			buildActionMask = 2147483647;
			dstPath = /usr/share/man/man1/;
			dstSubfolderSpec = 0;
			files = (
			);
			runOnlyForDeploymentPostprocessing = 1;
		};
/* End PBXCopyFilesBuildPhase section */

/* Begin PBXFileReference section */
		130304852A26475000776A0D /* 3040.swift */ = {isa = PBXFileReference; lastKnownFileType = sourcecode.swift; path = 3040.swift; sourceTree = "<group>"; };
		130B9AC22A63F8BF0072A0CF /* 11399.swift */ = {isa = PBXFileReference; lastKnownFileType = sourcecode.swift; path = 11399.swift; sourceTree = "<group>"; };
		130B9AC52A6402E00072A0CF /* 1158.swift */ = {isa = PBXFileReference; lastKnownFileType = sourcecode.swift; path = 1158.swift; sourceTree = "<group>"; };
		130B9ADA2A668BCD0072A0CF /* 1021.swift */ = {isa = PBXFileReference; lastKnownFileType = sourcecode.swift; path = 1021.swift; sourceTree = "<group>"; };
		130B9AE02A682C690072A0CF /* 11650.swift */ = {isa = PBXFileReference; lastKnownFileType = sourcecode.swift; path = 11650.swift; sourceTree = "<group>"; };
		130B9AE42A6971730072A0CF /* 2309.swift */ = {isa = PBXFileReference; lastKnownFileType = sourcecode.swift; path = 2309.swift; sourceTree = "<group>"; };
		130B9AF82A6A95A60072A0CF /* 9093_단어뒤집기.swift */ = {isa = PBXFileReference; lastKnownFileType = sourcecode.swift; path = "9093_단어뒤집기.swift"; sourceTree = "<group>"; };
		130B9AFA2A6AC8400072A0CF /* 9012_괄호.swift */ = {isa = PBXFileReference; lastKnownFileType = sourcecode.swift; path = "9012_괄호.swift"; sourceTree = "<group>"; };
		130B9AFD2A6AD6F20072A0CF /* 9012_괄호_백준풀이.swift */ = {isa = PBXFileReference; lastKnownFileType = sourcecode.swift; path = "9012_괄호_백준풀이.swift"; sourceTree = "<group>"; };
		130B9AFF2A6ADFD00072A0CF /* 1874_스택수열.swift */ = {isa = PBXFileReference; lastKnownFileType = sourcecode.swift; path = "1874_스택수열.swift"; sourceTree = "<group>"; };
		130B9B032A6BC2450072A0CF /* 1406_에디터_백준풀이.swift */ = {isa = PBXFileReference; lastKnownFileType = sourcecode.swift; path = "1406_에디터_백준풀이.swift"; sourceTree = "<group>"; };
		130B9B2A2A6EF5A40072A0CF /* 1158_요세푸스문제.swift */ = {isa = PBXFileReference; lastKnownFileType = sourcecode.swift; path = "1158_요세푸스문제.swift"; sourceTree = "<group>"; };
		130FA9462A445EC500E739C5 /* 예제4-2.swift */ = {isa = PBXFileReference; lastKnownFileType = sourcecode.swift; path = "예제4-2.swift"; sourceTree = "<group>"; };
		130FA9492A44854500E739C5 /* 실전문제2.swift */ = {isa = PBXFileReference; lastKnownFileType = sourcecode.swift; path = "실전문제2.swift"; sourceTree = "<group>"; };
		130FA94B2A44FB0000E739C5 /* 실전문제3.swift */ = {isa = PBXFileReference; lastKnownFileType = sourcecode.swift; path = "실전문제3.swift"; sourceTree = "<group>"; };
		130FA94D2A45E69100E739C5 /* 1260.swift */ = {isa = PBXFileReference; lastKnownFileType = sourcecode.swift; path = 1260.swift; sourceTree = "<group>"; };
		131CB3F12A4737A40061F97F /* 실전문제4.swift */ = {isa = PBXFileReference; lastKnownFileType = sourcecode.swift; path = "실전문제4.swift"; sourceTree = "<group>"; };
		131CB3F32A48234A0061F97F /* 2667.swift */ = {isa = PBXFileReference; lastKnownFileType = sourcecode.swift; path = 2667.swift; sourceTree = "<group>"; };
		13254FDE2A04383500094218 /* 1789.swift */ = {isa = PBXFileReference; lastKnownFileType = sourcecode.swift; path = 1789.swift; sourceTree = "<group>"; };
		132550892A13CB0900094218 /* 10818.swift */ = {isa = PBXFileReference; lastKnownFileType = sourcecode.swift; path = 10818.swift; sourceTree = "<group>"; };
		13274C272A5700B1001F141C /* 2751.swift */ = {isa = PBXFileReference; lastKnownFileType = sourcecode.swift; path = 2751.swift; sourceTree = "<group>"; };
		13274C292A5705D7001F141C /* 1427.swift */ = {isa = PBXFileReference; lastKnownFileType = sourcecode.swift; path = 1427.swift; sourceTree = "<group>"; };
		13274C2E2A57F439001F141C /* 11866.swift */ = {isa = PBXFileReference; lastKnownFileType = sourcecode.swift; path = 11866.swift; sourceTree = "<group>"; };
		1334816C2A4C8069001EE578 /* 9498.swift */ = {isa = PBXFileReference; lastKnownFileType = sourcecode.swift; path = 9498.swift; sourceTree = "<group>"; };
		1334816E2A4C815D001EE578 /* 4963.swift */ = {isa = PBXFileReference; lastKnownFileType = sourcecode.swift; path = 4963.swift; sourceTree = "<group>"; };
		133481702A4D8B64001EE578 /* 1874.swift */ = {isa = PBXFileReference; lastKnownFileType = sourcecode.swift; path = 1874.swift; sourceTree = "<group>"; };
		133481772A4F464F001EE578 /* 2960.swift */ = {isa = PBXFileReference; lastKnownFileType = sourcecode.swift; path = 2960.swift; sourceTree = "<group>"; };
		133481B52A5079CE001EE578 /* 2606.swift */ = {isa = PBXFileReference; lastKnownFileType = sourcecode.swift; path = 2606.swift; sourceTree = "<group>"; };
		133481B72A50A000001EE578 /* 1012.swift */ = {isa = PBXFileReference; lastKnownFileType = sourcecode.swift; path = 1012.swift; sourceTree = "<group>"; };
		133481B92A53174B001EE578 /* 10950.swift */ = {isa = PBXFileReference; lastKnownFileType = sourcecode.swift; path = 10950.swift; sourceTree = "<group>"; };
		133481BC2A532565001EE578 /* todo.swift */ = {isa = PBXFileReference; lastKnownFileType = sourcecode.swift; path = todo.swift; sourceTree = "<group>"; };
		133A004D2A0161EE00B6338E /* 11047.swift */ = {isa = PBXFileReference; lastKnownFileType = sourcecode.swift; path = 11047.swift; sourceTree = "<group>"; };
		133A004F2A02380F00B6338E /* 1931.swift */ = {isa = PBXFileReference; lastKnownFileType = sourcecode.swift; path = 1931.swift; sourceTree = "<group>"; };
		1344714B29E460F30036ED32 /* CodingTest */ = {isa = PBXFileReference; explicitFileType = "compiled.mach-o.executable"; includeInIndex = 0; path = CodingTest; sourceTree = BUILT_PRODUCTS_DIR; };
		1344714E29E460F30036ED32 /* Part2_2.swift */ = {isa = PBXFileReference; lastKnownFileType = sourcecode.swift; path = Part2_2.swift; sourceTree = "<group>"; };
		1344715629E671DA0036ED32 /* Part2_3.swift */ = {isa = PBXFileReference; lastKnownFileType = sourcecode.swift; path = Part2_3.swift; sourceTree = "<group>"; };
		137505E12A76B40800A6AB7E /* 1978_실수찾기O(rootN).swift */ = {isa = PBXFileReference; lastKnownFileType = sourcecode.swift; path = "1978_실수찾기O(rootN).swift"; sourceTree = "<group>"; };
		137505E32A76CA2E00A6AB7E /* 1929_소수구하기_백준풀이.swift */ = {isa = PBXFileReference; lastKnownFileType = sourcecode.swift; path = "1929_소수구하기_백준풀이.swift"; sourceTree = "<group>"; };
		137505E52A76D91E00A6AB7E /* main.swift */ = {isa = PBXFileReference; lastKnownFileType = sourcecode.swift; path = main.swift; sourceTree = "<group>"; };
		1377640B2A71654400B11A15 /* 17413_단어뒤집기2.swift */ = {isa = PBXFileReference; lastKnownFileType = sourcecode.swift; path = "17413_단어뒤집기2.swift"; sourceTree = "<group>"; };
		1377640D2A7195B200B11A15 /* 10799_쇠막대기_백준풀이.swift */ = {isa = PBXFileReference; lastKnownFileType = sourcecode.swift; path = "10799_쇠막대기_백준풀이.swift"; sourceTree = "<group>"; };
		1377640F2A72559500B11A15 /* 17298_오큰수_시간초과.swift */ = {isa = PBXFileReference; lastKnownFileType = sourcecode.swift; path = "17298_오큰수_시간초과.swift"; sourceTree = "<group>"; };
		137764112A72756A00B11A15 /* 17298_오큰수_백준풀이.swift */ = {isa = PBXFileReference; lastKnownFileType = sourcecode.swift; path = "17298_오큰수_백준풀이.swift"; sourceTree = "<group>"; };
		137764132A72B34F00B11A15 /* 17299_오등큰수.swift */ = {isa = PBXFileReference; lastKnownFileType = sourcecode.swift; path = "17299_오등큰수.swift"; sourceTree = "<group>"; };
		137764162A72F75700B11A15 /* 1978_실수찾기O(N).swift */ = {isa = PBXFileReference; lastKnownFileType = sourcecode.swift; path = "1978_실수찾기O(N).swift"; sourceTree = "<group>"; };
		138C2DB62A2A1F9B00F5FB40 /* 1181.swift */ = {isa = PBXFileReference; lastKnownFileType = sourcecode.swift; path = 1181.swift; sourceTree = "<group>"; };
		13A754342A4B2426009CAF77 /* 4949.swift */ = {isa = PBXFileReference; lastKnownFileType = sourcecode.swift; path = 4949.swift; sourceTree = "<group>"; };
		13C07ECE2A1517CF005F04CD /* 4101.swift */ = {isa = PBXFileReference; lastKnownFileType = sourcecode.swift; path = 4101.swift; sourceTree = "<group>"; };
		13CB6D2D2A1D311900D185B2 /* 예제4-1.swift */ = {isa = PBXFileReference; lastKnownFileType = sourcecode.swift; path = "예제4-1.swift"; sourceTree = "<group>"; };
		13FE646F2A5BF43D007D9A53 /* 1094_bitmask.swift */ = {isa = PBXFileReference; lastKnownFileType = sourcecode.swift; path = 1094_bitmask.swift; sourceTree = "<group>"; };
		13FE64732A5C0F35007D9A53 /* 1094_greedy.swift */ = {isa = PBXFileReference; lastKnownFileType = sourcecode.swift; path = 1094_greedy.swift; sourceTree = "<group>"; };
		13FE647A2A5E9FA1007D9A53 /* 1740.swift */ = {isa = PBXFileReference; lastKnownFileType = sourcecode.swift; path = 1740.swift; sourceTree = "<group>"; };
		13FE647C2A5F0ECC007D9A53 /* 17419.swift */ = {isa = PBXFileReference; lastKnownFileType = sourcecode.swift; path = 17419.swift; sourceTree = "<group>"; };
/* End PBXFileReference section */

/* Begin PBXFrameworksBuildPhase section */
		1344714829E460F30036ED32 /* Frameworks */ = {
			isa = PBXFrameworksBuildPhase;
			buildActionMask = 2147483647;
			files = (
			);
			runOnlyForDeploymentPostprocessing = 0;
		};
/* End PBXFrameworksBuildPhase section */

/* Begin PBXGroup section */
		130B9AC42A6402D40072A0CF /* Queue */ = {
			isa = PBXGroup;
			children = (
				130B9AC52A6402E00072A0CF /* 1158.swift */,
				130B9ADA2A668BCD0072A0CF /* 1021.swift */,
			);
			path = Queue;
			sourceTree = "<group>";
		};
		130B9ADF2A682C630072A0CF /* Sort */ = {
			isa = PBXGroup;
			children = (
				130B9AE02A682C690072A0CF /* 11650.swift */,
				130B9AE42A6971730072A0CF /* 2309.swift */,
			);
			path = Sort;
			sourceTree = "<group>";
		};
		130B9AE62A698AB00072A0CF /* Implementation */ = {
			isa = PBXGroup;
			children = (
			);
			path = Implementation;
			sourceTree = "<group>";
		};
		130B9AF32A6A954E0072A0CF /* BJLecture */ = {
			isa = PBXGroup;
			children = (
				130B9AF42A6A95670072A0CF /* Basic1 */,
			);
			path = BJLecture;
			sourceTree = "<group>";
		};
		130B9AF42A6A95670072A0CF /* Basic1 */ = {
			isa = PBXGroup;
			children = (
				137764152A72F74B00B11A15 /* 300 */,
				130B9AF72A6A959A0072A0CF /* 200 */,
				1377640A2A71652F00B11A15 /* 201 */,
			);
			path = Basic1;
			sourceTree = "<group>";
		};
		130B9AF72A6A959A0072A0CF /* 200 */ = {
			isa = PBXGroup;
			children = (
				130B9AF82A6A95A60072A0CF /* 9093_단어뒤집기.swift */,
				130B9AFA2A6AC8400072A0CF /* 9012_괄호.swift */,
				130B9AFD2A6AD6F20072A0CF /* 9012_괄호_백준풀이.swift */,
				130B9AFF2A6ADFD00072A0CF /* 1874_스택수열.swift */,
				130B9B032A6BC2450072A0CF /* 1406_에디터_백준풀이.swift */,
				130B9B2A2A6EF5A40072A0CF /* 1158_요세푸스문제.swift */,
			);
			path = 200;
			sourceTree = "<group>";
		};
		13254FE02A04384500094218 /* Greedy */ = {
			isa = PBXGroup;
			children = (
				133A004D2A0161EE00B6338E /* 11047.swift */,
				133A004F2A02380F00B6338E /* 1931.swift */,
				13254FDE2A04383500094218 /* 1789.swift */,
			);
			path = Greedy;
			sourceTree = "<group>";
		};
		132550882A13CAFD00094218 /* Bronze */ = {
			isa = PBXGroup;
			children = (
				132550892A13CB0900094218 /* 10818.swift */,
				13C07ECE2A1517CF005F04CD /* 4101.swift */,
				130304852A26475000776A0D /* 3040.swift */,
				1334816C2A4C8069001EE578 /* 9498.swift */,
				133481B92A53174B001EE578 /* 10950.swift */,
			);
			path = Bronze;
			sourceTree = "<group>";
		};
		133A004C2A0160E500B6338E /* BOJ */ = {
			isa = PBXGroup;
			children = (
				13FE646D2A5B0306007D9A53 /* Category */,
				138C2DB52A2A1F9000F5FB40 /* Silver */,
				132550882A13CAFD00094218 /* Bronze */,
				13254FE02A04384500094218 /* Greedy */,
			);
			path = BOJ;
			sourceTree = "<group>";
		};
		1344714229E460F30036ED32 = {
			isa = PBXGroup;
			children = (
				1344714D29E460F30036ED32 /* CodingTest */,
				1344714C29E460F30036ED32 /* Products */,
			);
			sourceTree = "<group>";
		};
		1344714C29E460F30036ED32 /* Products */ = {
			isa = PBXGroup;
			children = (
				1344714B29E460F30036ED32 /* CodingTest */,
			);
			name = Products;
			sourceTree = "<group>";
		};
		1344714D29E460F30036ED32 /* CodingTest */ = {
			isa = PBXGroup;
			children = (
				130B9AF32A6A954E0072A0CF /* BJLecture */,
				133A004C2A0160E500B6338E /* BOJ */,
				1344715529E671AD0036ED32 /* ECoTe */,
			);
			path = CodingTest;
			sourceTree = "<group>";
		};
		1344715529E671AD0036ED32 /* ECoTe */ = {
			isa = PBXGroup;
			children = (
				1344714E29E460F30036ED32 /* Part2_2.swift */,
				1344715629E671DA0036ED32 /* Part2_3.swift */,
				13CB6D2D2A1D311900D185B2 /* 예제4-1.swift */,
				130FA9462A445EC500E739C5 /* 예제4-2.swift */,
				130FA9492A44854500E739C5 /* 실전문제2.swift */,
				130FA94B2A44FB0000E739C5 /* 실전문제3.swift */,
				131CB3F12A4737A40061F97F /* 실전문제4.swift */,
			);
			path = ECoTe;
			sourceTree = "<group>";
		};
		1377640A2A71652F00B11A15 /* 201 */ = {
			isa = PBXGroup;
			children = (
				1377640B2A71654400B11A15 /* 17413_단어뒤집기2.swift */,
				1377640D2A7195B200B11A15 /* 10799_쇠막대기_백준풀이.swift */,
				1377640F2A72559500B11A15 /* 17298_오큰수_시간초과.swift */,
				137764112A72756A00B11A15 /* 17298_오큰수_백준풀이.swift */,
				137764132A72B34F00B11A15 /* 17299_오등큰수.swift */,
			);
			path = 201;
			sourceTree = "<group>";
		};
		137764152A72F74B00B11A15 /* 300 */ = {
			isa = PBXGroup;
			children = (
				137764162A72F75700B11A15 /* 1978_실수찾기O(N).swift */,
				137505E12A76B40800A6AB7E /* 1978_실수찾기O(rootN).swift */,
				137505E32A76CA2E00A6AB7E /* 1929_소수구하기_백준풀이.swift */,
				137505E52A76D91E00A6AB7E /* main.swift */,
			);
			path = 300;
			sourceTree = "<group>";
		};
		138C2DB52A2A1F9000F5FB40 /* Silver */ = {
			isa = PBXGroup;
			children = (
				138C2DB62A2A1F9B00F5FB40 /* 1181.swift */,
				130FA94D2A45E69100E739C5 /* 1260.swift */,
				131CB3F32A48234A0061F97F /* 2667.swift */,
				13A754342A4B2426009CAF77 /* 4949.swift */,
				1334816E2A4C815D001EE578 /* 4963.swift */,
				133481702A4D8B64001EE578 /* 1874.swift */,
				133481772A4F464F001EE578 /* 2960.swift */,
				133481B52A5079CE001EE578 /* 2606.swift */,
				133481B72A50A000001EE578 /* 1012.swift */,
				133481BC2A532565001EE578 /* todo.swift */,
				13274C272A5700B1001F141C /* 2751.swift */,
				13274C292A5705D7001F141C /* 1427.swift */,
				13274C2E2A57F439001F141C /* 11866.swift */,
			);
			path = Silver;
			sourceTree = "<group>";
		};
		13FE646D2A5B0306007D9A53 /* Category */ = {
			isa = PBXGroup;
			children = (
				130B9AE62A698AB00072A0CF /* Implementation */,
				130B9ADF2A682C630072A0CF /* Sort */,
				130B9AC42A6402D40072A0CF /* Queue */,
				13FE64722A5C0F21007D9A53 /* Greedy */,
				13FE646E2A5B030B007D9A53 /* BitMasking */,
			);
			path = Category;
			sourceTree = "<group>";
		};
		13FE646E2A5B030B007D9A53 /* BitMasking */ = {
			isa = PBXGroup;
			children = (
				13FE646F2A5BF43D007D9A53 /* 1094_bitmask.swift */,
				13FE647A2A5E9FA1007D9A53 /* 1740.swift */,
				13FE647C2A5F0ECC007D9A53 /* 17419.swift */,
			);
			path = BitMasking;
			sourceTree = "<group>";
		};
		13FE64722A5C0F21007D9A53 /* Greedy */ = {
			isa = PBXGroup;
			children = (
				13FE64732A5C0F35007D9A53 /* 1094_greedy.swift */,
				130B9AC22A63F8BF0072A0CF /* 11399.swift */,
			);
			path = Greedy;
			sourceTree = "<group>";
		};
/* End PBXGroup section */

/* Begin PBXNativeTarget section */
		1344714A29E460F30036ED32 /* CodingTest */ = {
			isa = PBXNativeTarget;
			buildConfigurationList = 1344715229E460F30036ED32 /* Build configuration list for PBXNativeTarget "CodingTest" */;
			buildPhases = (
				1344714729E460F30036ED32 /* Sources */,
				1344714829E460F30036ED32 /* Frameworks */,
				1344714929E460F30036ED32 /* CopyFiles */,
			);
			buildRules = (
			);
			dependencies = (
			);
			name = CodingTest;
			productName = CodingTest;
			productReference = 1344714B29E460F30036ED32 /* CodingTest */;
			productType = "com.apple.product-type.tool";
		};
/* End PBXNativeTarget section */

/* Begin PBXProject section */
		1344714329E460F30036ED32 /* Project object */ = {
			isa = PBXProject;
			attributes = {
				BuildIndependentTargetsInParallel = 1;
				LastSwiftUpdateCheck = 1430;
				LastUpgradeCheck = 1430;
				TargetAttributes = {
					1344714A29E460F30036ED32 = {
						CreatedOnToolsVersion = 14.3;
						LastSwiftMigration = 1430;
					};
				};
			};
			buildConfigurationList = 1344714629E460F30036ED32 /* Build configuration list for PBXProject "CodingTest" */;
			compatibilityVersion = "Xcode 14.0";
			developmentRegion = en;
			hasScannedForEncodings = 0;
			knownRegions = (
				en,
				Base,
			);
			mainGroup = 1344714229E460F30036ED32;
			productRefGroup = 1344714C29E460F30036ED32 /* Products */;
			projectDirPath = "";
			projectRoot = "";
			targets = (
				1344714A29E460F30036ED32 /* CodingTest */,
			);
		};
/* End PBXProject section */

/* Begin PBXSourcesBuildPhase section */
		1344714729E460F30036ED32 /* Sources */ = {
			isa = PBXSourcesBuildPhase;
			buildActionMask = 2147483647;
			files = (
				137505E62A76D91E00A6AB7E /* main.swift in Sources */,
			);
			runOnlyForDeploymentPostprocessing = 0;
		};
/* End PBXSourcesBuildPhase section */

/* Begin XCBuildConfiguration section */
		1344715029E460F30036ED32 /* Debug */ = {
			isa = XCBuildConfiguration;
			buildSettings = {
				ALWAYS_SEARCH_USER_PATHS = NO;
				CLANG_ANALYZER_NONNULL = YES;
				CLANG_ANALYZER_NUMBER_OBJECT_CONVERSION = YES_AGGRESSIVE;
				CLANG_CXX_LANGUAGE_STANDARD = "gnu++20";
				CLANG_ENABLE_MODULES = YES;
				CLANG_ENABLE_OBJC_ARC = YES;
				CLANG_ENABLE_OBJC_WEAK = YES;
				CLANG_WARN_BLOCK_CAPTURE_AUTORELEASING = YES;
				CLANG_WARN_BOOL_CONVERSION = YES;
				CLANG_WARN_COMMA = YES;
				CLANG_WARN_CONSTANT_CONVERSION = YES;
				CLANG_WARN_DEPRECATED_OBJC_IMPLEMENTATIONS = YES;
				CLANG_WARN_DIRECT_OBJC_ISA_USAGE = YES_ERROR;
				CLANG_WARN_DOCUMENTATION_COMMENTS = YES;
				CLANG_WARN_EMPTY_BODY = YES;
				CLANG_WARN_ENUM_CONVERSION = YES;
				CLANG_WARN_INFINITE_RECURSION = YES;
				CLANG_WARN_INT_CONVERSION = YES;
				CLANG_WARN_NON_LITERAL_NULL_CONVERSION = YES;
				CLANG_WARN_OBJC_IMPLICIT_RETAIN_SELF = YES;
				CLANG_WARN_OBJC_LITERAL_CONVERSION = YES;
				CLANG_WARN_OBJC_ROOT_CLASS = YES_ERROR;
				CLANG_WARN_QUOTED_INCLUDE_IN_FRAMEWORK_HEADER = YES;
				CLANG_WARN_RANGE_LOOP_ANALYSIS = YES;
				CLANG_WARN_STRICT_PROTOTYPES = YES;
				CLANG_WARN_SUSPICIOUS_MOVE = YES;
				CLANG_WARN_UNGUARDED_AVAILABILITY = YES_AGGRESSIVE;
				CLANG_WARN_UNREACHABLE_CODE = YES;
				CLANG_WARN__DUPLICATE_METHOD_MATCH = YES;
				COPY_PHASE_STRIP = NO;
				DEBUG_INFORMATION_FORMAT = dwarf;
				ENABLE_STRICT_OBJC_MSGSEND = YES;
				ENABLE_TESTABILITY = YES;
				GCC_C_LANGUAGE_STANDARD = gnu11;
				GCC_DYNAMIC_NO_PIC = NO;
				GCC_NO_COMMON_BLOCKS = YES;
				GCC_OPTIMIZATION_LEVEL = 0;
				GCC_PREPROCESSOR_DEFINITIONS = (
					"DEBUG=1",
					"$(inherited)",
				);
				GCC_WARN_64_TO_32_BIT_CONVERSION = YES;
				GCC_WARN_ABOUT_RETURN_TYPE = YES_ERROR;
				GCC_WARN_UNDECLARED_SELECTOR = YES;
				GCC_WARN_UNINITIALIZED_AUTOS = YES_AGGRESSIVE;
				GCC_WARN_UNUSED_FUNCTION = YES;
				GCC_WARN_UNUSED_VARIABLE = YES;
				MACOSX_DEPLOYMENT_TARGET = 13.3;
				MTL_ENABLE_DEBUG_INFO = INCLUDE_SOURCE;
				MTL_FAST_MATH = YES;
				ONLY_ACTIVE_ARCH = YES;
				SDKROOT = macosx;
				SWIFT_ACTIVE_COMPILATION_CONDITIONS = DEBUG;
				SWIFT_OPTIMIZATION_LEVEL = "-Onone";
			};
			name = Debug;
		};
		1344715129E460F30036ED32 /* Release */ = {
			isa = XCBuildConfiguration;
			buildSettings = {
				ALWAYS_SEARCH_USER_PATHS = NO;
				CLANG_ANALYZER_NONNULL = YES;
				CLANG_ANALYZER_NUMBER_OBJECT_CONVERSION = YES_AGGRESSIVE;
				CLANG_CXX_LANGUAGE_STANDARD = "gnu++20";
				CLANG_ENABLE_MODULES = YES;
				CLANG_ENABLE_OBJC_ARC = YES;
				CLANG_ENABLE_OBJC_WEAK = YES;
				CLANG_WARN_BLOCK_CAPTURE_AUTORELEASING = YES;
				CLANG_WARN_BOOL_CONVERSION = YES;
				CLANG_WARN_COMMA = YES;
				CLANG_WARN_CONSTANT_CONVERSION = YES;
				CLANG_WARN_DEPRECATED_OBJC_IMPLEMENTATIONS = YES;
				CLANG_WARN_DIRECT_OBJC_ISA_USAGE = YES_ERROR;
				CLANG_WARN_DOCUMENTATION_COMMENTS = YES;
				CLANG_WARN_EMPTY_BODY = YES;
				CLANG_WARN_ENUM_CONVERSION = YES;
				CLANG_WARN_INFINITE_RECURSION = YES;
				CLANG_WARN_INT_CONVERSION = YES;
				CLANG_WARN_NON_LITERAL_NULL_CONVERSION = YES;
				CLANG_WARN_OBJC_IMPLICIT_RETAIN_SELF = YES;
				CLANG_WARN_OBJC_LITERAL_CONVERSION = YES;
				CLANG_WARN_OBJC_ROOT_CLASS = YES_ERROR;
				CLANG_WARN_QUOTED_INCLUDE_IN_FRAMEWORK_HEADER = YES;
				CLANG_WARN_RANGE_LOOP_ANALYSIS = YES;
				CLANG_WARN_STRICT_PROTOTYPES = YES;
				CLANG_WARN_SUSPICIOUS_MOVE = YES;
				CLANG_WARN_UNGUARDED_AVAILABILITY = YES_AGGRESSIVE;
				CLANG_WARN_UNREACHABLE_CODE = YES;
				CLANG_WARN__DUPLICATE_METHOD_MATCH = YES;
				COPY_PHASE_STRIP = NO;
				DEBUG_INFORMATION_FORMAT = "dwarf-with-dsym";
				ENABLE_NS_ASSERTIONS = NO;
				ENABLE_STRICT_OBJC_MSGSEND = YES;
				GCC_C_LANGUAGE_STANDARD = gnu11;
				GCC_NO_COMMON_BLOCKS = YES;
				GCC_WARN_64_TO_32_BIT_CONVERSION = YES;
				GCC_WARN_ABOUT_RETURN_TYPE = YES_ERROR;
				GCC_WARN_UNDECLARED_SELECTOR = YES;
				GCC_WARN_UNINITIALIZED_AUTOS = YES_AGGRESSIVE;
				GCC_WARN_UNUSED_FUNCTION = YES;
				GCC_WARN_UNUSED_VARIABLE = YES;
				MACOSX_DEPLOYMENT_TARGET = 13.3;
				MTL_ENABLE_DEBUG_INFO = NO;
				MTL_FAST_MATH = YES;
				SDKROOT = macosx;
				SWIFT_COMPILATION_MODE = wholemodule;
				SWIFT_OPTIMIZATION_LEVEL = "-O";
			};
			name = Release;
		};
		1344715329E460F30036ED32 /* Debug */ = {
			isa = XCBuildConfiguration;
			buildSettings = {
				CLANG_ENABLE_MODULES = YES;
				CODE_SIGN_STYLE = Automatic;
				DEVELOPMENT_TEAM = BH624LXP8S;
				ENABLE_HARDENED_RUNTIME = YES;
				PRODUCT_NAME = "$(TARGET_NAME)";
				SWIFT_OPTIMIZATION_LEVEL = "-Onone";
				SWIFT_VERSION = 5.0;
			};
			name = Debug;
		};
		1344715429E460F30036ED32 /* Release */ = {
			isa = XCBuildConfiguration;
			buildSettings = {
				CLANG_ENABLE_MODULES = YES;
				CODE_SIGN_STYLE = Automatic;
				DEVELOPMENT_TEAM = BH624LXP8S;
				ENABLE_HARDENED_RUNTIME = YES;
				PRODUCT_NAME = "$(TARGET_NAME)";
				SWIFT_VERSION = 5.0;
			};
			name = Release;
		};
/* End XCBuildConfiguration section */

/* Begin XCConfigurationList section */
		1344714629E460F30036ED32 /* Build configuration list for PBXProject "CodingTest" */ = {
			isa = XCConfigurationList;
			buildConfigurations = (
				1344715029E460F30036ED32 /* Debug */,
				1344715129E460F30036ED32 /* Release */,
			);
			defaultConfigurationIsVisible = 0;
			defaultConfigurationName = Release;
		};
		1344715229E460F30036ED32 /* Build configuration list for PBXNativeTarget "CodingTest" */ = {
			isa = XCConfigurationList;
			buildConfigurations = (
				1344715329E460F30036ED32 /* Debug */,
				1344715429E460F30036ED32 /* Release */,
			);
			defaultConfigurationIsVisible = 0;
			defaultConfigurationName = Release;
		};
/* End XCConfigurationList section */
	};
	rootObject = 1344714329E460F30036ED32 /* Project object */;
}
